
Microsoft Visual Studio Solution File, Format Version 12.00
# Visual Studio Version 16
VisualStudioVersion = 16.0.32106.194
MinimumVisualStudioVersion = 10.0.40219.1
Project("{FAE04EC0-301F-11D3-BF4B-00C04F79EFBC}") = "MV3", "MV3\MV3.csproj", "{A39082CA-76D4-4728-83C5-209AD7359363}"
EndProject
Global
	GlobalSection(SolutionConfigurationPlatforms) = preSolution
		Debug|Any CPU = Debug|Any CPU
		Release|Any CPU = Release|Any CPU
	EndGlobalSection
	GlobalSection(ProjectConfigurationPlatforms) = postSolution
		{A39082CA-76D4-4728-83C5-209AD7359363}.Debug|Any CPU.ActiveCfg = Debug|Any CPU
		{A39082CA-76D4-4728-83C5-209AD7359363}.Debug|Any CPU.Build.0 = Debug|Any CPU
		{A39082CA-76D4-4728-83C5-209AD7359363}.Release|Any CPU.ActiveCfg = Release|Any CPU
		{A39082CA-76D4-4728-83C5-209AD7359363}.Release|Any CPU.Build.0 = Release|Any CPU
	EndGlobalSection
	GlobalSection(SolutionProperties) = preSolution
		HideSolutionNode = FALSE
	EndGlobalSection
	GlobalSection(ExtensibilityGlobals) = postSolution
		SolutionGuid = {E5092174-6976-4377-95AA-BB786518ACF8}
	EndGlobalSection
EndGlobal
